
Microsoft Visual Studio Solution File, Format Version 12.00
# Visual Studio Version 16
VisualStudioVersion = 16.0.30002.166
MinimumVisualStudioVersion = 10.0.40219.1
Project("{FAE04EC0-301F-11D3-BF4B-00C04F79EFBC}") = "GoldBadge_01_Cafe", "GoldBadge_01_Cafe\GoldBadge_01_Cafe.csproj", "{C5EA0C9B-3CC3-4417-B606-904A530C0D5C}"
EndProject
Project("{FAE04EC0-301F-11D3-BF4B-00C04F79EFBC}") = "ContentRepositoryTests", "ContentRepositoryTests\ContentRepositoryTests.csproj", "{6C8AA8F6-4151-4BC4-8C71-23520CF41C44}"
EndProject
Project("{2150E333-8FDC-42A3-9474-1A3956D46DE8}") = "Solution Items", "Solution Items", "{D6B9B30E-7D3B-43EB-B61E-BA1F03758759}"
	ProjectSection(SolutionItems) = preProject
		.editorconfig = .editorconfig
	EndProjectSection
EndProject
Global
	GlobalSection(SolutionConfigurationPlatforms) = preSolution
		Debug|Any CPU = Debug|Any CPU
		Release|Any CPU = Release|Any CPU
	EndGlobalSection
	GlobalSection(ProjectConfigurationPlatforms) = postSolution
		{C5EA0C9B-3CC3-4417-B606-904A530C0D5C}.Debug|Any CPU.ActiveCfg = Debug|Any CPU
		{C5EA0C9B-3CC3-4417-B606-904A530C0D5C}.Debug|Any CPU.Build.0 = Debug|Any CPU
		{C5EA0C9B-3CC3-4417-B606-904A530C0D5C}.Release|Any CPU.ActiveCfg = Release|Any CPU
		{C5EA0C9B-3CC3-4417-B606-904A530C0D5C}.Release|Any CPU.Build.0 = Release|Any CPU
		{6C8AA8F6-4151-4BC4-8C71-23520CF41C44}.Debug|Any CPU.ActiveCfg = Debug|Any CPU
		{6C8AA8F6-4151-4BC4-8C71-23520CF41C44}.Debug|Any CPU.Build.0 = Debug|Any CPU
		{6C8AA8F6-4151-4BC4-8C71-23520CF41C44}.Release|Any CPU.ActiveCfg = Release|Any CPU
		{6C8AA8F6-4151-4BC4-8C71-23520CF41C44}.Release|Any CPU.Build.0 = Release|Any CPU
	EndGlobalSection
	GlobalSection(SolutionProperties) = preSolution
		HideSolutionNode = FALSE
	EndGlobalSection
	GlobalSection(ExtensibilityGlobals) = postSolution
		SolutionGuid = {CF0E9F44-0AC4-4A88-9FDA-AC7A560A1F2A}
	EndGlobalSection
EndGlobal
